// !$*UTF8*$!
{
	archiveVersion = 1;
	classes = {
	};
	objectVersion = 46;
	objects = {

/* Begin PBXBuildFile section */
		F03D465C164C3AB90047A829 /* main.cpp in Sources */ = {isa = PBXBuildFile; fileRef = F03D465B164C3AB90047A829 /* main.cpp */; };
		F03D465E164C3AB90047A829 /* AlexTest.1 in CopyFiles */ = {isa = PBXBuildFile; fileRef = F03D465D164C3AB90047A829 /* AlexTest.1 */; };
/* End PBXBuildFile section */

/* Begin PBXCopyFilesBuildPhase section */
		F03D4655164C3AB90047A829 /* CopyFiles */ = {
			isa = PBXCopyFilesBuildPhase;
			buildActionMask = 2147483647;
			dstPath = /usr/share/man/man1/;
			dstSubfolderSpec = 0;
			files = (
				F03D465E164C3AB90047A829 /* AlexTest.1 in CopyFiles */,
			);
			runOnlyForDeploymentPostprocessing = 1;
		};
/* End PBXCopyFilesBuildPhase section */

/* Begin PBXFileReference section */
		F03D4657164C3AB90047A829 /* AlexTest */ = {isa = PBXFileReference; explicitFileType = "compiled.mach-o.executable"; includeInIndex = 0; path = AlexTest; sourceTree = BUILT_PRODUCTS_DIR; };
		F03D465B164C3AB90047A829 /* main.cpp */ = {isa = PBXFileReference; lastKnownFileType = sourcecode.cpp.cpp; path = main.cpp; sourceTree = "<group>"; };
		F03D465D164C3AB90047A829 /* AlexTest.1 */ = {isa = PBXFileReference; lastKnownFileType = text.man; path = AlexTest.1; sourceTree = "<group>"; };
/* End PBXFileReference section */

/* Begin PBXFrameworksBuildPhase section */
		F03D4654164C3AB90047A829 /* Frameworks */ = {
			isa = PBXFrameworksBuildPhase;
			buildActionMask = 2147483647;
			files = (
			);
			runOnlyForDeploymentPostprocessing = 0;
		};
/* End PBXFrameworksBuildPhase section */

/* Begin PBXGroup section */
		F03D464C164C3AB80047A829 = {
			isa = PBXGroup;
			children = (
				F03D465A164C3AB90047A829 /* AlexTest */,
				F03D4658164C3AB90047A829 /* Products */,
			);
			sourceTree = "<group>";
		};
		F03D4658164C3AB90047A829 /* Products */ = {
			isa = PBXGroup;
			children = (
				F03D4657164C3AB90047A829 /* AlexTest */,
			);
			name = Products;
			sourceTree = "<group>";
		};
		F03D465A164C3AB90047A829 /* AlexTest */ = {
			isa = PBXGroup;
			children = (
				F03D465B164C3AB90047A829 /* main.cpp */,
				F03D465D164C3AB90047A829 /* AlexTest.1 */,
			);
			path = AlexTest;
			sourceTree = "<group>";
		};
/* End PBXGroup section */

/* Begin PBXNativeTarget section */
		F03D4656164C3AB90047A829 /* AlexTest */ = {
			isa = PBXNativeTarget;
			buildConfigurationList = F03D4661164C3AB90047A829 /* Build configuration list for PBXNativeTarget "AlexTest" */;
			buildPhases = (
				F03D4653164C3AB90047A829 /* Sources */,
				F03D4654164C3AB90047A829 /* Frameworks */,
				F03D4655164C3AB90047A829 /* CopyFiles */,
			);
			buildRules = (
			);
			dependencies = (
			);
			name = AlexTest;
			productName = AlexTest;
			productReference = F03D4657164C3AB90047A829 /* AlexTest */;
			productType = "com.apple.product-type.tool";
		};
/* End PBXNativeTarget section */

/* Begin PBXProject section */
		F03D464E164C3AB80047A829 /* Project object */ = {
			isa = PBXProject;
			attributes = {
				LastUpgradeCheck = 0450;
				ORGANIZATIONNAME = "Петр Василевский";
			};
			buildConfigurationList = F03D4651164C3AB80047A829 /* Build configuration list for PBXProject "AlexTest" */;
			compatibilityVersion = "Xcode 3.2";
			developmentRegion = English;
			hasScannedForEncodings = 0;
			knownRegions = (
				en,
			);
			mainGroup = F03D464C164C3AB80047A829;
			productRefGroup = F03D4658164C3AB90047A829 /* Products */;
			projectDirPath = "";
			projectRoot = "";
			targets = (
				F03D4656164C3AB90047A829 /* AlexTest */,
			);
		};
/* End PBXProject section */

/* Begin PBXSourcesBuildPhase section */
		F03D4653164C3AB90047A829 /* Sources */ = {
			isa = PBXSourcesBuildPhase;
			buildActionMask = 2147483647;
			files = (
				F03D465C164C3AB90047A829 /* main.cpp in Sources */,
			);
			runOnlyForDeploymentPostprocessing = 0;
		};
/* End PBXSourcesBuildPhase section */

/* Begin XCBuildConfiguration section */
		F03D465F164C3AB90047A829 /* Debug */ = {
			isa = XCBuildConfiguration;
			buildSettings = {
				ALWAYS_SEARCH_USER_PATHS = NO;
				ARCHS = "$(ARCHS_STANDARD_64_BIT)";
				CLANG_CXX_LANGUAGE_STANDARD = "gnu++0x";
				CLANG_CXX_LIBRARY = "libc++";
				CLANG_WARN_EMPTY_BODY = YES;
				CLANG_WARN__DUPLICATE_METHOD_MATCH = YES;
				COPY_PHASE_STRIP = NO;
				GCC_C_LANGUAGE_STANDARD = gnu99;
				GCC_DYNAMIC_NO_PIC = NO;
				GCC_ENABLE_OBJC_EXCEPTIONS = YES;
				GCC_OPTIMIZATION_LEVEL = 0;
				GCC_PREPROCESSOR_DEFINITIONS = (
					"DEBUG=1",
					"$(inherited)",
				);
				GCC_SYMBOLS_PRIVATE_EXTERN = NO;
				GCC_WARN_64_TO_32_BIT_CONVERSION = YES;
				GCC_WARN_ABOUT_RETURN_TYPE = YES;
				GCC_WARN_UNINITIALIZED_AUTOS = YES;
				GCC_WARN_UNUSED_VARIABLE = YES;
				MACOSX_DEPLOYMENT_TARGET = 10.8;
				ONLY_ACTIVE_ARCH = YES;
				SDKROOT = macosx;
			};
			name = Debug;
		};
		F03D4660164C3AB90047A829 /* Release */ = {
			isa = XCBuildConfiguration;
			buildSettings = {
				ALWAYS_SEARCH_USER_PATHS = NO;
				ARCHS = "$(ARCHS_STANDARD_64_BIT)";
				CLANG_CXX_LANGUAGE_STANDARD = "gnu++0x";
				CLANG_CXX_LIBRARY = "libc++";
				CLANG_WARN_EMPTY_BODY = YES;
				CLANG_WARN__DUPLICATE_METHOD_MATCH = YES;
				COPY_PHASE_STRIP = YES;
				DEBUG_INFORMATION_FORMAT = "dwarf-with-dsym";
				GCC_C_LANGUAGE_STANDARD = gnu99;
				GCC_ENABLE_OBJC_EXCEPTIONS = YES;
				GCC_WARN_64_TO_32_BIT_CONVERSION = YES;
				GCC_WARN_ABOUT_RETURN_TYPE = YES;
				GCC_WARN_UNINITIALIZED_AUTOS = YES;
				GCC_WARN_UNUSED_VARIABLE = YES;
				MACOSX_DEPLOYMENT_TARGET = 10.8;
				SDKROOT = macosx;
			};
			name = Release;
		};
		F03D4662164C3AB90047A829 /* Debug */ = {
			isa = XCBuildConfiguration;
			buildSettings = {
				PRODUCT_NAME = "$(TARGET_NAME)";
			};
			name = Debug;
		};
		F03D4663164C3AB90047A829 /* Release */ = {
			isa = XCBuildConfiguration;
			buildSettings = {
				PRODUCT_NAME = "$(TARGET_NAME)";
			};
			name = Release;
		};
/* End XCBuildConfiguration section */

/* Begin XCConfigurationList section */
		F03D4651164C3AB80047A829 /* Build configuration list for PBXProject "AlexTest" */ = {
			isa = XCConfigurationList;
			buildConfigurations = (
				F03D465F164C3AB90047A829 /* Debug */,
				F03D4660164C3AB90047A829 /* Release */,
			);
			defaultConfigurationIsVisible = 0;
			defaultConfigurationName = Release;
		};
		F03D4661164C3AB90047A829 /* Build configuration list for PBXNativeTarget "AlexTest" */ = {
			isa = XCConfigurationList;
			buildConfigurations = (
				F03D4662164C3AB90047A829 /* Debug */,
				F03D4663164C3AB90047A829 /* Release */,
			);
			defaultConfigurationIsVisible = 0;
		};
/* End XCConfigurationList section */
	};
	rootObject = F03D464E164C3AB80047A829 /* Project object */;
}
